// !$*UTF8*$!
{
	archiveVersion = 1;
	classes = {
	};
	objectVersion = 52;
	objects = {

/* Begin PBXBuildFile section */
		491E7CCA2624525A00421618 /* SwiftPhoneNumber in Frameworks */ = {isa = PBXBuildFile; productRef = 491E7CC92624525A00421618 /* SwiftPhoneNumber */; };
		491E7CCC2624525A00421618 /* SwiftPhoneNumber-UIKit in Frameworks */ = {isa = PBXBuildFile; productRef = 491E7CCB2624525A00421618 /* SwiftPhoneNumber-UIKit */; };
		49799DF4253638A9005EAA6D /* AppDelegate.swift in Sources */ = {isa = PBXBuildFile; fileRef = 49799DF3253638A9005EAA6D /* AppDelegate.swift */; };
		49799DF6253638A9005EAA6D /* SceneDelegate.swift in Sources */ = {isa = PBXBuildFile; fileRef = 49799DF5253638A9005EAA6D /* SceneDelegate.swift */; };
		49799DF8253638A9005EAA6D /* ViewController.swift in Sources */ = {isa = PBXBuildFile; fileRef = 49799DF7253638A9005EAA6D /* ViewController.swift */; };
		49799DFB253638A9005EAA6D /* Main.storyboard in Resources */ = {isa = PBXBuildFile; fileRef = 49799DF9253638A9005EAA6D /* Main.storyboard */; };
		49799DFD253638AA005EAA6D /* Assets.xcassets in Resources */ = {isa = PBXBuildFile; fileRef = 49799DFC253638AA005EAA6D /* Assets.xcassets */; };
		49799E00253638AA005EAA6D /* LaunchScreen.storyboard in Resources */ = {isa = PBXBuildFile; fileRef = 49799DFE253638AA005EAA6D /* LaunchScreen.storyboard */; };
/* End PBXBuildFile section */

/* Begin PBXFileReference section */
		49799DF0253638A9005EAA6D /* SwiftPhoneNumberExample.app */ = {isa = PBXFileReference; explicitFileType = wrapper.application; includeInIndex = 0; path = SwiftPhoneNumberExample.app; sourceTree = BUILT_PRODUCTS_DIR; };
		49799DF3253638A9005EAA6D /* AppDelegate.swift */ = {isa = PBXFileReference; lastKnownFileType = sourcecode.swift; path = AppDelegate.swift; sourceTree = "<group>"; };
		49799DF5253638A9005EAA6D /* SceneDelegate.swift */ = {isa = PBXFileReference; lastKnownFileType = sourcecode.swift; path = SceneDelegate.swift; sourceTree = "<group>"; };
		49799DF7253638A9005EAA6D /* ViewController.swift */ = {isa = PBXFileReference; lastKnownFileType = sourcecode.swift; path = ViewController.swift; sourceTree = "<group>"; };
		49799DFA253638A9005EAA6D /* Base */ = {isa = PBXFileReference; lastKnownFileType = file.storyboard; name = Base; path = Base.lproj/Main.storyboard; sourceTree = "<group>"; };
		49799DFC253638AA005EAA6D /* Assets.xcassets */ = {isa = PBXFileReference; lastKnownFileType = folder.assetcatalog; path = Assets.xcassets; sourceTree = "<group>"; };
		49799DFF253638AA005EAA6D /* Base */ = {isa = PBXFileReference; lastKnownFileType = file.storyboard; name = Base; path = Base.lproj/LaunchScreen.storyboard; sourceTree = "<group>"; };
		49799E01253638AA005EAA6D /* Info.plist */ = {isa = PBXFileReference; lastKnownFileType = text.plist.xml; path = Info.plist; sourceTree = "<group>"; };
		49955E9D2620B90900188EF6 /* SwiftPhoneNumber */ = {isa = PBXFileReference; lastKnownFileType = folder; name = SwiftPhoneNumber; path = ..; sourceTree = "<group>"; };
/* End PBXFileReference section */

/* Begin PBXFrameworksBuildPhase section */
		49799DED253638A9005EAA6D /* Frameworks */ = {
			isa = PBXFrameworksBuildPhase;
			buildActionMask = 2147483647;
			files = (
				491E7CCA2624525A00421618 /* SwiftPhoneNumber in Frameworks */,
				491E7CCC2624525A00421618 /* SwiftPhoneNumber-UIKit in Frameworks */,
			);
			runOnlyForDeploymentPostprocessing = 0;
		};
/* End PBXFrameworksBuildPhase section */

/* Begin PBXGroup section */
		49799DE7253638A9005EAA6D = {
			isa = PBXGroup;
			children = (
				49799DF2253638A9005EAA6D /* SwiftPhoneNumberExample */,
				49955E9D2620B90900188EF6 /* SwiftPhoneNumber */,
				49799DF1253638A9005EAA6D /* Products */,
				49799E0825363E65005EAA6D /* Frameworks */,
			);
			sourceTree = "<group>";
		};
		49799DF1253638A9005EAA6D /* Products */ = {
			isa = PBXGroup;
			children = (
				49799DF0253638A9005EAA6D /* SwiftPhoneNumberExample.app */,
			);
			name = Products;
			sourceTree = "<group>";
		};
		49799DF2253638A9005EAA6D /* SwiftPhoneNumberExample */ = {
			isa = PBXGroup;
			children = (
				49799DF3253638A9005EAA6D /* AppDelegate.swift */,
				49799DF5253638A9005EAA6D /* SceneDelegate.swift */,
				49799DF7253638A9005EAA6D /* ViewController.swift */,
				49799DF9253638A9005EAA6D /* Main.storyboard */,
				49799DFC253638AA005EAA6D /* Assets.xcassets */,
				49799DFE253638AA005EAA6D /* LaunchScreen.storyboard */,
				49799E01253638AA005EAA6D /* Info.plist */,
			);
			path = SwiftPhoneNumberExample;
			sourceTree = "<group>";
		};
		49799E0825363E65005EAA6D /* Frameworks */ = {
			isa = PBXGroup;
			children = (
			);
			name = Frameworks;
			sourceTree = "<group>";
		};
/* End PBXGroup section */

/* Begin PBXNativeTarget section */
		49799DEF253638A9005EAA6D /* SwiftPhoneNumberExample */ = {
			isa = PBXNativeTarget;
			buildConfigurationList = 49799E04253638AA005EAA6D /* Build configuration list for PBXNativeTarget "SwiftPhoneNumberExample" */;
			buildPhases = (
				49799DEC253638A9005EAA6D /* Sources */,
				49799DED253638A9005EAA6D /* Frameworks */,
				49799DEE253638A9005EAA6D /* Resources */,
			);
			buildRules = (
			);
			dependencies = (
			);
			name = SwiftPhoneNumberExample;
			packageProductDependencies = (
				491E7CC92624525A00421618 /* SwiftPhoneNumber */,
				491E7CCB2624525A00421618 /* SwiftPhoneNumber-UIKit */,
			);
			productName = SwiftPhoneNumberExample;
			productReference = 49799DF0253638A9005EAA6D /* SwiftPhoneNumberExample.app */;
			productType = "com.apple.product-type.application";
		};
/* End PBXNativeTarget section */

/* Begin PBXProject section */
		49799DE8253638A9005EAA6D /* Project object */ = {
			isa = PBXProject;
			attributes = {
				LastSwiftUpdateCheck = 1200;
				LastUpgradeCheck = 1200;
				TargetAttributes = {
					49799DEF253638A9005EAA6D = {
						CreatedOnToolsVersion = 12.0;
					};
				};
			};
			buildConfigurationList = 49799DEB253638A9005EAA6D /* Build configuration list for PBXProject "SwiftPhoneNumberExample" */;
			compatibilityVersion = "Xcode 9.3";
			developmentRegion = en;
			hasScannedForEncodings = 0;
			knownRegions = (
				en,
				Base,
			);
			mainGroup = 49799DE7253638A9005EAA6D;
			productRefGroup = 49799DF1253638A9005EAA6D /* Products */;
			projectDirPath = "";
			projectRoot = "";
			targets = (
				49799DEF253638A9005EAA6D /* SwiftPhoneNumberExample */,
			);
		};
/* End PBXProject section */

/* Begin PBXResourcesBuildPhase section */
		49799DEE253638A9005EAA6D /* Resources */ = {
			isa = PBXResourcesBuildPhase;
			buildActionMask = 2147483647;
			files = (
				49799E00253638AA005EAA6D /* LaunchScreen.storyboard in Resources */,
				49799DFD253638AA005EAA6D /* Assets.xcassets in Resources */,
				49799DFB253638A9005EAA6D /* Main.storyboard in Resources */,
			);
			runOnlyForDeploymentPostprocessing = 0;
		};
/* End PBXResourcesBuildPhase section */

/* Begin PBXSourcesBuildPhase section */
		49799DEC253638A9005EAA6D /* Sources */ = {
			isa = PBXSourcesBuildPhase;
			buildActionMask = 2147483647;
			files = (
				49799DF8253638A9005EAA6D /* ViewController.swift in Sources */,
				49799DF4253638A9005EAA6D /* AppDelegate.swift in Sources */,
				49799DF6253638A9005EAA6D /* SceneDelegate.swift in Sources */,
			);
			runOnlyForDeploymentPostprocessing = 0;
		};
/* End PBXSourcesBuildPhase section */

/* Begin PBXVariantGroup section */
		49799DF9253638A9005EAA6D /* Main.storyboard */ = {
			isa = PBXVariantGroup;
			children = (
				49799DFA253638A9005EAA6D /* Base */,
			);
			name = Main.storyboard;
			sourceTree = "<group>";
		};
		49799DFE253638AA005EAA6D /* LaunchScreen.storyboard */ = {
			isa = PBXVariantGroup;
			children = (
				49799DFF253638AA005EAA6D /* Base */,
			);
			name = LaunchScreen.storyboard;
			sourceTree = "<group>";
		};
/* End PBXVariantGroup section */

/* Begin XCBuildConfiguration section */
		49799E02253638AA005EAA6D /* Debug */ = {
			isa = XCBuildConfiguration;
			buildSettings = {
				ALWAYS_SEARCH_USER_PATHS = NO;
				CLANG_ANALYZER_NONNULL = YES;
				CLANG_ANALYZER_NUMBER_OBJECT_CONVERSION = YES_AGGRESSIVE;
				CLANG_CXX_LANGUAGE_STANDARD = "gnu++14";
				CLANG_CXX_LIBRARY = "libc++";
				CLANG_ENABLE_MODULES = YES;
				CLANG_ENABLE_OBJC_ARC = YES;
				CLANG_ENABLE_OBJC_WEAK = YES;
				CLANG_WARN_BLOCK_CAPTURE_AUTORELEASING = YES;
				CLANG_WARN_BOOL_CONVERSION = YES;
				CLANG_WARN_COMMA = YES;
				CLANG_WARN_CONSTANT_CONVERSION = YES;
				CLANG_WARN_DEPRECATED_OBJC_IMPLEMENTATIONS = YES;
				CLANG_WARN_DIRECT_OBJC_ISA_USAGE = YES_ERROR;
				CLANG_WARN_DOCUMENTATION_COMMENTS = YES;
				CLANG_WARN_EMPTY_BODY = YES;
				CLANG_WARN_ENUM_CONVERSION = YES;
				CLANG_WARN_INFINITE_RECURSION = YES;
				CLANG_WARN_INT_CONVERSION = YES;
				CLANG_WARN_NON_LITERAL_NULL_CONVERSION = YES;
				CLANG_WARN_OBJC_IMPLICIT_RETAIN_SELF = YES;
				CLANG_WARN_OBJC_LITERAL_CONVERSION = YES;
				CLANG_WARN_OBJC_ROOT_CLASS = YES_ERROR;
				CLANG_WARN_QUOTED_INCLUDE_IN_FRAMEWORK_HEADER = YES;
				CLANG_WARN_RANGE_LOOP_ANALYSIS = YES;
				CLANG_WARN_STRICT_PROTOTYPES = YES;
				CLANG_WARN_SUSPICIOUS_MOVE = YES;
				CLANG_WARN_UNGUARDED_AVAILABILITY = YES_AGGRESSIVE;
				CLANG_WARN_UNREACHABLE_CODE = YES;
				CLANG_WARN__DUPLICATE_METHOD_MATCH = YES;
				COPY_PHASE_STRIP = NO;
				DEBUG_INFORMATION_FORMAT = dwarf;
				ENABLE_STRICT_OBJC_MSGSEND = YES;
				ENABLE_TESTABILITY = YES;
				GCC_C_LANGUAGE_STANDARD = gnu11;
				GCC_DYNAMIC_NO_PIC = NO;
				GCC_NO_COMMON_BLOCKS = YES;
				GCC_OPTIMIZATION_LEVEL = 0;
				GCC_PREPROCESSOR_DEFINITIONS = (
					"DEBUG=1",
					"$(inherited)",
				);
				GCC_WARN_64_TO_32_BIT_CONVERSION = YES;
				GCC_WARN_ABOUT_RETURN_TYPE = YES_ERROR;
				GCC_WARN_UNDECLARED_SELECTOR = YES;
				GCC_WARN_UNINITIALIZED_AUTOS = YES_AGGRESSIVE;
				GCC_WARN_UNUSED_FUNCTION = YES;
				GCC_WARN_UNUSED_VARIABLE = YES;
				IPHONEOS_DEPLOYMENT_TARGET = 14.0;
				MTL_ENABLE_DEBUG_INFO = INCLUDE_SOURCE;
				MTL_FAST_MATH = YES;
				ONLY_ACTIVE_ARCH = YES;
				SDKROOT = iphoneos;
				SWIFT_ACTIVE_COMPILATION_CONDITIONS = DEBUG;
				SWIFT_OPTIMIZATION_LEVEL = "-Onone";
			};
			name = Debug;
		};
		49799E03253638AA005EAA6D /* Release */ = {
			isa = XCBuildConfiguration;
			buildSettings = {
				ALWAYS_SEARCH_USER_PATHS = NO;
				CLANG_ANALYZER_NONNULL = YES;
				CLANG_ANALYZER_NUMBER_OBJECT_CONVERSION = YES_AGGRESSIVE;
				CLANG_CXX_LANGUAGE_STANDARD = "gnu++14";
				CLANG_CXX_LIBRARY = "libc++";
				CLANG_ENABLE_MODULES = YES;
				CLANG_ENABLE_OBJC_ARC = YES;
				CLANG_ENABLE_OBJC_WEAK = YES;
				CLANG_WARN_BLOCK_CAPTURE_AUTORELEASING = YES;
				CLANG_WARN_BOOL_CONVERSION = YES;
				CLANG_WARN_COMMA = YES;
				CLANG_WARN_CONSTANT_CONVERSION = YES;
				CLANG_WARN_DEPRECATED_OBJC_IMPLEMENTATIONS = YES;
				CLANG_WARN_DIRECT_OBJC_ISA_USAGE = YES_ERROR;
				CLANG_WARN_DOCUMENTATION_COMMENTS = YES;
				CLANG_WARN_EMPTY_BODY = YES;
				CLANG_WARN_ENUM_CONVERSION = YES;
				CLANG_WARN_INFINITE_RECURSION = YES;
				CLANG_WARN_INT_CONVERSION = YES;
				CLANG_WARN_NON_LITERAL_NULL_CONVERSION = YES;
				CLANG_WARN_OBJC_IMPLICIT_RETAIN_SELF = YES;
				CLANG_WARN_OBJC_LITERAL_CONVERSION = YES;
				CLANG_WARN_OBJC_ROOT_CLASS = YES_ERROR;
				CLANG_WARN_QUOTED_INCLUDE_IN_FRAMEWORK_HEADER = YES;
				CLANG_WARN_RANGE_LOOP_ANALYSIS = YES;
				CLANG_WARN_STRICT_PROTOTYPES = YES;
				CLANG_WARN_SUSPICIOUS_MOVE = YES;
				CLANG_WARN_UNGUARDED_AVAILABILITY = YES_AGGRESSIVE;
				CLANG_WARN_UNREACHABLE_CODE = YES;
				CLANG_WARN__DUPLICATE_METHOD_MATCH = YES;
				COPY_PHASE_STRIP = NO;
				DEBUG_INFORMATION_FORMAT = "dwarf-with-dsym";
				ENABLE_NS_ASSERTIONS = NO;
				ENABLE_STRICT_OBJC_MSGSEND = YES;
				GCC_C_LANGUAGE_STANDARD = gnu11;
				GCC_NO_COMMON_BLOCKS = YES;
				GCC_WARN_64_TO_32_BIT_CONVERSION = YES;
				GCC_WARN_ABOUT_RETURN_TYPE = YES_ERROR;
				GCC_WARN_UNDECLARED_SELECTOR = YES;
				GCC_WARN_UNINITIALIZED_AUTOS = YES_AGGRESSIVE;
				GCC_WARN_UNUSED_FUNCTION = YES;
				GCC_WARN_UNUSED_VARIABLE = YES;
				IPHONEOS_DEPLOYMENT_TARGET = 14.0;
				MTL_ENABLE_DEBUG_INFO = NO;
				MTL_FAST_MATH = YES;
				SDKROOT = iphoneos;
				SWIFT_COMPILATION_MODE = wholemodule;
				SWIFT_OPTIMIZATION_LEVEL = "-O";
				VALIDATE_PRODUCT = YES;
			};
			name = Release;
		};
		49799E05253638AA005EAA6D /* Debug */ = {
			isa = XCBuildConfiguration;
			buildSettings = {
				ASSETCATALOG_COMPILER_APPICON_NAME = AppIcon;
				ASSETCATALOG_COMPILER_GLOBAL_ACCENT_COLOR_NAME = AccentColor;
				CODE_SIGN_STYLE = Automatic;
				INFOPLIST_FILE = SwiftPhoneNumberExample/Info.plist;
				IPHONEOS_DEPLOYMENT_TARGET = 13.0;
				LD_RUNPATH_SEARCH_PATHS = (
					"$(inherited)",
					"@executable_path/Frameworks",
				);
				PRODUCT_BUNDLE_IDENTIFIER = fr.pjechris.SwiftPhoneNumberExample;
				PRODUCT_NAME = "$(TARGET_NAME)";
				SWIFT_VERSION = 5.0;
				TARGETED_DEVICE_FAMILY = "1,2";
			};
			name = Debug;
		};
		49799E06253638AA005EAA6D /* Release */ = {
			isa = XCBuildConfiguration;
			buildSettings = {
				ASSETCATALOG_COMPILER_APPICON_NAME = AppIcon;
				ASSETCATALOG_COMPILER_GLOBAL_ACCENT_COLOR_NAME = AccentColor;
				CODE_SIGN_STYLE = Automatic;
				INFOPLIST_FILE = SwiftPhoneNumberExample/Info.plist;
				IPHONEOS_DEPLOYMENT_TARGET = 13.0;
				LD_RUNPATH_SEARCH_PATHS = (
					"$(inherited)",
					"@executable_path/Frameworks",
				);
				PRODUCT_BUNDLE_IDENTIFIER = fr.pjechris.SwiftPhoneNumberExample;
				PRODUCT_NAME = "$(TARGET_NAME)";
				SWIFT_VERSION = 5.0;
				TARGETED_DEVICE_FAMILY = "1,2";
			};
			name = Release;
		};
/* End XCBuildConfiguration section */

/* Begin XCConfigurationList section */
		49799DEB253638A9005EAA6D /* Build configuration list for PBXProject "SwiftPhoneNumberExample" */ = {
			isa = XCConfigurationList;
			buildConfigurations = (
				49799E02253638AA005EAA6D /* Debug */,
				49799E03253638AA005EAA6D /* Release */,
			);
			defaultConfigurationIsVisible = 0;
			defaultConfigurationName = Release;
		};
		49799E04253638AA005EAA6D /* Build configuration list for PBXNativeTarget "SwiftPhoneNumberExample" */ = {
			isa = XCConfigurationList;
			buildConfigurations = (
				49799E05253638AA005EAA6D /* Debug */,
				49799E06253638AA005EAA6D /* Release */,
			);
			defaultConfigurationIsVisible = 0;
			defaultConfigurationName = Release;
		};
/* End XCConfigurationList section */

/* Begin XCSwiftPackageProductDependency section */
		491E7CC92624525A00421618 /* SwiftPhoneNumber */ = {
			isa = XCSwiftPackageProductDependency;
			productName = SwiftPhoneNumber;
		};
		491E7CCB2624525A00421618 /* SwiftPhoneNumber-UIKit */ = {
			isa = XCSwiftPackageProductDependency;
			productName = "SwiftPhoneNumber-UIKit";
		};
/* End XCSwiftPackageProductDependency section */
	};
	rootObject = 49799DE8253638A9005EAA6D /* Project object */;
}
